// !$*UTF8*$!
{
	archiveVersion = 1;
	classes = {
	};
	objectVersion = 50;
	objects = {

/* Begin PBXBuildFile section */
		AA3A639A22B825FB0054BC2D /* MapView.swift in Sources */ = {isa = PBXBuildFile; fileRef = AA3A639922B825FB0054BC2D /* MapView.swift */; };
		AA83329C22B74DDE0090386D /* AppDelegate.swift in Sources */ = {isa = PBXBuildFile; fileRef = AA83329B22B74DDE0090386D /* AppDelegate.swift */; };
		AA83329E22B74DDE0090386D /* SceneDelegate.swift in Sources */ = {isa = PBXBuildFile; fileRef = AA83329D22B74DDE0090386D /* SceneDelegate.swift */; };
		AA8332A022B74DDE0090386D /* ContentView.swift in Sources */ = {isa = PBXBuildFile; fileRef = AA83329F22B74DDE0090386D /* ContentView.swift */; };
		AA8332A222B74DE00090386D /* Assets.xcassets in Resources */ = {isa = PBXBuildFile; fileRef = AA8332A122B74DE00090386D /* Assets.xcassets */; };
		AA8332A522B74DE00090386D /* Preview Assets.xcassets in Resources */ = {isa = PBXBuildFile; fileRef = AA8332A422B74DE00090386D /* Preview Assets.xcassets */; };
		AA8332A822B74DE00090386D /* LaunchScreen.storyboard in Resources */ = {isa = PBXBuildFile; fileRef = AA8332A622B74DE00090386D /* LaunchScreen.storyboard */; };
		AA8332B322B74DE00090386D /* LandmarksTests.swift in Sources */ = {isa = PBXBuildFile; fileRef = AA8332B222B74DE00090386D /* LandmarksTests.swift */; };
		AA8332BE22B74DE00090386D /* LandmarksUITests.swift in Sources */ = {isa = PBXBuildFile; fileRef = AA8332BD22B74DE00090386D /* LandmarksUITests.swift */; };
		AA8332CC22B751D10090386D /* CircleImage.swift in Sources */ = {isa = PBXBuildFile; fileRef = AA8332CB22B751D10090386D /* CircleImage.swift */; };
/* End PBXBuildFile section */

/* Begin PBXContainerItemProxy section */
		AA8332AF22B74DE00090386D /* PBXContainerItemProxy */ = {
			isa = PBXContainerItemProxy;
			containerPortal = AA83329022B74DDE0090386D /* Project object */;
			proxyType = 1;
			remoteGlobalIDString = AA83329722B74DDE0090386D;
			remoteInfo = Landmarks;
		};
		AA8332BA22B74DE00090386D /* PBXContainerItemProxy */ = {
			isa = PBXContainerItemProxy;
			containerPortal = AA83329022B74DDE0090386D /* Project object */;
			proxyType = 1;
			remoteGlobalIDString = AA83329722B74DDE0090386D;
			remoteInfo = Landmarks;
		};
/* End PBXContainerItemProxy section */

/* Begin PBXFileReference section */
		AA3A639922B825FB0054BC2D /* MapView.swift */ = {isa = PBXFileReference; lastKnownFileType = sourcecode.swift; path = MapView.swift; sourceTree = "<group>"; };
		AA83329822B74DDE0090386D /* Landmarks.app */ = {isa = PBXFileReference; explicitFileType = wrapper.application; includeInIndex = 0; path = Landmarks.app; sourceTree = BUILT_PRODUCTS_DIR; };
		AA83329B22B74DDE0090386D /* AppDelegate.swift */ = {isa = PBXFileReference; lastKnownFileType = sourcecode.swift; path = AppDelegate.swift; sourceTree = "<group>"; };
		AA83329D22B74DDE0090386D /* SceneDelegate.swift */ = {isa = PBXFileReference; lastKnownFileType = sourcecode.swift; path = SceneDelegate.swift; sourceTree = "<group>"; };
		AA83329F22B74DDE0090386D /* ContentView.swift */ = {isa = PBXFileReference; lastKnownFileType = sourcecode.swift; path = ContentView.swift; sourceTree = "<group>"; };
		AA8332A122B74DE00090386D /* Assets.xcassets */ = {isa = PBXFileReference; lastKnownFileType = folder.assetcatalog; path = Assets.xcassets; sourceTree = "<group>"; };
		AA8332A422B74DE00090386D /* Preview Assets.xcassets */ = {isa = PBXFileReference; lastKnownFileType = folder.assetcatalog; path = "Preview Assets.xcassets"; sourceTree = "<group>"; };
		AA8332A722B74DE00090386D /* Base */ = {isa = PBXFileReference; lastKnownFileType = file.storyboard; name = Base; path = Base.lproj/LaunchScreen.storyboard; sourceTree = "<group>"; };
		AA8332A922B74DE00090386D /* Info.plist */ = {isa = PBXFileReference; lastKnownFileType = text.plist.xml; path = Info.plist; sourceTree = "<group>"; };
		AA8332AE22B74DE00090386D /* LandmarksTests.xctest */ = {isa = PBXFileReference; explicitFileType = wrapper.cfbundle; includeInIndex = 0; path = LandmarksTests.xctest; sourceTree = BUILT_PRODUCTS_DIR; };
		AA8332B222B74DE00090386D /* LandmarksTests.swift */ = {isa = PBXFileReference; lastKnownFileType = sourcecode.swift; path = LandmarksTests.swift; sourceTree = "<group>"; };
		AA8332B422B74DE00090386D /* Info.plist */ = {isa = PBXFileReference; lastKnownFileType = text.plist.xml; path = Info.plist; sourceTree = "<group>"; };
		AA8332B922B74DE00090386D /* LandmarksUITests.xctest */ = {isa = PBXFileReference; explicitFileType = wrapper.cfbundle; includeInIndex = 0; path = LandmarksUITests.xctest; sourceTree = BUILT_PRODUCTS_DIR; };
		AA8332BD22B74DE00090386D /* LandmarksUITests.swift */ = {isa = PBXFileReference; lastKnownFileType = sourcecode.swift; path = LandmarksUITests.swift; sourceTree = "<group>"; };
		AA8332BF22B74DE00090386D /* Info.plist */ = {isa = PBXFileReference; lastKnownFileType = text.plist.xml; path = Info.plist; sourceTree = "<group>"; };
		AA8332CB22B751D10090386D /* CircleImage.swift */ = {isa = PBXFileReference; lastKnownFileType = sourcecode.swift; path = CircleImage.swift; sourceTree = "<group>"; };
/* End PBXFileReference section */

/* Begin PBXFrameworksBuildPhase section */
		AA83329522B74DDE0090386D /* Frameworks */ = {
			isa = PBXFrameworksBuildPhase;
			buildActionMask = 2147483647;
			files = (
			);
			runOnlyForDeploymentPostprocessing = 0;
		};
		AA8332AB22B74DE00090386D /* Frameworks */ = {
			isa = PBXFrameworksBuildPhase;
			buildActionMask = 2147483647;
			files = (
			);
			runOnlyForDeploymentPostprocessing = 0;
		};
		AA8332B622B74DE00090386D /* Frameworks */ = {
			isa = PBXFrameworksBuildPhase;
			buildActionMask = 2147483647;
			files = (
			);
			runOnlyForDeploymentPostprocessing = 0;
		};
/* End PBXFrameworksBuildPhase section */

/* Begin PBXGroup section */
		AA83328F22B74DDE0090386D = {
			isa = PBXGroup;
			children = (
				AA83329A22B74DDE0090386D /* Landmarks */,
				AA8332B122B74DE00090386D /* LandmarksTests */,
				AA8332BC22B74DE00090386D /* LandmarksUITests */,
				AA83329922B74DDE0090386D /* Products */,
			);
			sourceTree = "<group>";
		};
		AA83329922B74DDE0090386D /* Products */ = {
			isa = PBXGroup;
			children = (
				AA83329822B74DDE0090386D /* Landmarks.app */,
				AA8332AE22B74DE00090386D /* LandmarksTests.xctest */,
				AA8332B922B74DE00090386D /* LandmarksUITests.xctest */,
			);
			name = Products;
			sourceTree = "<group>";
		};
		AA83329A22B74DDE0090386D /* Landmarks */ = {
			isa = PBXGroup;
			children = (
				AA83329B22B74DDE0090386D /* AppDelegate.swift */,
				AA3A639922B825FB0054BC2D /* MapView.swift */,
				AA83329D22B74DDE0090386D /* SceneDelegate.swift */,
				AA83329F22B74DDE0090386D /* ContentView.swift */,
				AA8332A122B74DE00090386D /* Assets.xcassets */,
				AA8332A622B74DE00090386D /* LaunchScreen.storyboard */,
				AA8332A922B74DE00090386D /* Info.plist */,
				AA8332A322B74DE00090386D /* Preview Content */,
				AA8332CB22B751D10090386D /* CircleImage.swift */,
			);
			path = Landmarks;
			sourceTree = "<group>";
		};
		AA8332A322B74DE00090386D /* Preview Content */ = {
			isa = PBXGroup;
			children = (
				AA8332A422B74DE00090386D /* Preview Assets.xcassets */,
			);
			path = "Preview Content";
			sourceTree = "<group>";
		};
		AA8332B122B74DE00090386D /* LandmarksTests */ = {
			isa = PBXGroup;
			children = (
				AA8332B222B74DE00090386D /* LandmarksTests.swift */,
				AA8332B422B74DE00090386D /* Info.plist */,
			);
			path = LandmarksTests;
			sourceTree = "<group>";
		};
		AA8332BC22B74DE00090386D /* LandmarksUITests */ = {
			isa = PBXGroup;
			children = (
				AA8332BD22B74DE00090386D /* LandmarksUITests.swift */,
				AA8332BF22B74DE00090386D /* Info.plist */,
			);
			path = LandmarksUITests;
			sourceTree = "<group>";
		};
/* End PBXGroup section */

/* Begin PBXNativeTarget section */
		AA83329722B74DDE0090386D /* Landmarks */ = {
			isa = PBXNativeTarget;
			buildConfigurationList = AA8332C222B74DE00090386D /* Build configuration list for PBXNativeTarget "Landmarks" */;
			buildPhases = (
				AA83329422B74DDE0090386D /* Sources */,
				AA83329522B74DDE0090386D /* Frameworks */,
				AA83329622B74DDE0090386D /* Resources */,
			);
			buildRules = (
			);
			dependencies = (
			);
			name = Landmarks;
			productName = Landmarks;
			productReference = AA83329822B74DDE0090386D /* Landmarks.app */;
			productType = "com.apple.product-type.application";
		};
		AA8332AD22B74DE00090386D /* LandmarksTests */ = {
			isa = PBXNativeTarget;
			buildConfigurationList = AA8332C522B74DE00090386D /* Build configuration list for PBXNativeTarget "LandmarksTests" */;
			buildPhases = (
				AA8332AA22B74DE00090386D /* Sources */,
				AA8332AB22B74DE00090386D /* Frameworks */,
				AA8332AC22B74DE00090386D /* Resources */,
			);
			buildRules = (
			);
			dependencies = (
				AA8332B022B74DE00090386D /* PBXTargetDependency */,
			);
			name = LandmarksTests;
			productName = LandmarksTests;
			productReference = AA8332AE22B74DE00090386D /* LandmarksTests.xctest */;
			productType = "com.apple.product-type.bundle.unit-test";
		};
		AA8332B822B74DE00090386D /* LandmarksUITests */ = {
			isa = PBXNativeTarget;
			buildConfigurationList = AA8332C822B74DE00090386D /* Build configuration list for PBXNativeTarget "LandmarksUITests" */;
			buildPhases = (
				AA8332B522B74DE00090386D /* Sources */,
				AA8332B622B74DE00090386D /* Frameworks */,
				AA8332B722B74DE00090386D /* Resources */,
			);
			buildRules = (
			);
			dependencies = (
				AA8332BB22B74DE00090386D /* PBXTargetDependency */,
			);
			name = LandmarksUITests;
			productName = LandmarksUITests;
			productReference = AA8332B922B74DE00090386D /* LandmarksUITests.xctest */;
			productType = "com.apple.product-type.bundle.ui-testing";
		};
/* End PBXNativeTarget section */

/* Begin PBXProject section */
		AA83329022B74DDE0090386D /* Project object */ = {
			isa = PBXProject;
			attributes = {
				LastSwiftUpdateCheck = 1100;
				LastUpgradeCheck = 1100;
				ORGANIZATIONNAME = "Rodolfo Galarza";
				TargetAttributes = {
					AA83329722B74DDE0090386D = {
						CreatedOnToolsVersion = 11.0;
					};
					AA8332AD22B74DE00090386D = {
						CreatedOnToolsVersion = 11.0;
						TestTargetID = AA83329722B74DDE0090386D;
					};
					AA8332B822B74DE00090386D = {
						CreatedOnToolsVersion = 11.0;
						TestTargetID = AA83329722B74DDE0090386D;
					};
				};
			};
			buildConfigurationList = AA83329322B74DDE0090386D /* Build configuration list for PBXProject "Landmarks" */;
			compatibilityVersion = "Xcode 9.3";
			developmentRegion = en;
			hasScannedForEncodings = 0;
			knownRegions = (
				en,
				Base,
			);
			mainGroup = AA83328F22B74DDE0090386D;
			productRefGroup = AA83329922B74DDE0090386D /* Products */;
			projectDirPath = "";
			projectRoot = "";
			targets = (
				AA83329722B74DDE0090386D /* Landmarks */,
				AA8332AD22B74DE00090386D /* LandmarksTests */,
				AA8332B822B74DE00090386D /* LandmarksUITests */,
			);
		};
/* End PBXProject section */

/* Begin PBXResourcesBuildPhase section */
		AA83329622B74DDE0090386D /* Resources */ = {
			isa = PBXResourcesBuildPhase;
			buildActionMask = 2147483647;
			files = (
				AA8332A822B74DE00090386D /* LaunchScreen.storyboard in Resources */,
				AA8332A522B74DE00090386D /* Preview Assets.xcassets in Resources */,
				AA8332A222B74DE00090386D /* Assets.xcassets in Resources */,
			);
			runOnlyForDeploymentPostprocessing = 0;
		};
		AA8332AC22B74DE00090386D /* Resources */ = {
			isa = PBXResourcesBuildPhase;
			buildActionMask = 2147483647;
			files = (
			);
			runOnlyForDeploymentPostprocessing = 0;
		};
		AA8332B722B74DE00090386D /* Resources */ = {
			isa = PBXResourcesBuildPhase;
			buildActionMask = 2147483647;
			files = (
			);
			runOnlyForDeploymentPostprocessing = 0;
		};
/* End PBXResourcesBuildPhase section */

/* Begin PBXSourcesBuildPhase section */
		AA83329422B74DDE0090386D /* Sources */ = {
			isa = PBXSourcesBuildPhase;
			buildActionMask = 2147483647;
			files = (
				AA83329C22B74DDE0090386D /* AppDelegate.swift in Sources */,
				AA8332CC22B751D10090386D /* CircleImage.swift in Sources */,
				AA3A639A22B825FB0054BC2D /* MapView.swift in Sources */,
				AA83329E22B74DDE0090386D /* SceneDelegate.swift in Sources */,
				AA8332A022B74DDE0090386D /* ContentView.swift in Sources */,
			);
			runOnlyForDeploymentPostprocessing = 0;
		};
		AA8332AA22B74DE00090386D /* Sources */ = {
			isa = PBXSourcesBuildPhase;
			buildActionMask = 2147483647;
			files = (
				AA8332B322B74DE00090386D /* LandmarksTests.swift in Sources */,
			);
			runOnlyForDeploymentPostprocessing = 0;
		};
		AA8332B522B74DE00090386D /* Sources */ = {
			isa = PBXSourcesBuildPhase;
			buildActionMask = 2147483647;
			files = (
				AA8332BE22B74DE00090386D /* LandmarksUITests.swift in Sources */,
			);
			runOnlyForDeploymentPostprocessing = 0;
		};
/* End PBXSourcesBuildPhase section */

/* Begin PBXTargetDependency section */
		AA8332B022B74DE00090386D /* PBXTargetDependency */ = {
			isa = PBXTargetDependency;
			target = AA83329722B74DDE0090386D /* Landmarks */;
			targetProxy = AA8332AF22B74DE00090386D /* PBXContainerItemProxy */;
		};
		AA8332BB22B74DE00090386D /* PBXTargetDependency */ = {
			isa = PBXTargetDependency;
			target = AA83329722B74DDE0090386D /* Landmarks */;
			targetProxy = AA8332BA22B74DE00090386D /* PBXContainerItemProxy */;
		};
/* End PBXTargetDependency section */

/* Begin PBXVariantGroup section */
		AA8332A622B74DE00090386D /* LaunchScreen.storyboard */ = {
			isa = PBXVariantGroup;
			children = (
				AA8332A722B74DE00090386D /* Base */,
			);
			name = LaunchScreen.storyboard;
			sourceTree = "<group>";
		};
/* End PBXVariantGroup section */

/* Begin XCBuildConfiguration section */
		AA8332C022B74DE00090386D /* Debug */ = {
			isa = XCBuildConfiguration;
			buildSettings = {
				ALWAYS_SEARCH_USER_PATHS = NO;
				CLANG_ANALYZER_NONNULL = YES;
				CLANG_ANALYZER_NUMBER_OBJECT_CONVERSION = YES_AGGRESSIVE;
				CLANG_CXX_LANGUAGE_STANDARD = "gnu++14";
				CLANG_CXX_LIBRARY = "libc++";
				CLANG_ENABLE_MODULES = YES;
				CLANG_ENABLE_OBJC_ARC = YES;
				CLANG_ENABLE_OBJC_WEAK = YES;
				CLANG_WARN_BLOCK_CAPTURE_AUTORELEASING = YES;
				CLANG_WARN_BOOL_CONVERSION = YES;
				CLANG_WARN_COMMA = YES;
				CLANG_WARN_CONSTANT_CONVERSION = YES;
				CLANG_WARN_DEPRECATED_OBJC_IMPLEMENTATIONS = YES;
				CLANG_WARN_DIRECT_OBJC_ISA_USAGE = YES_ERROR;
				CLANG_WARN_DOCUMENTATION_COMMENTS = YES;
				CLANG_WARN_EMPTY_BODY = YES;
				CLANG_WARN_ENUM_CONVERSION = YES;
				CLANG_WARN_INFINITE_RECURSION = YES;
				CLANG_WARN_INT_CONVERSION = YES;
				CLANG_WARN_NON_LITERAL_NULL_CONVERSION = YES;
				CLANG_WARN_OBJC_IMPLICIT_RETAIN_SELF = YES;
				CLANG_WARN_OBJC_LITERAL_CONVERSION = YES;
				CLANG_WARN_OBJC_ROOT_CLASS = YES_ERROR;
				CLANG_WARN_RANGE_LOOP_ANALYSIS = YES;
				CLANG_WARN_STRICT_PROTOTYPES = YES;
				CLANG_WARN_SUSPICIOUS_MOVE = YES;
				CLANG_WARN_UNGUARDED_AVAILABILITY = YES_AGGRESSIVE;
				CLANG_WARN_UNREACHABLE_CODE = YES;
				CLANG_WARN__DUPLICATE_METHOD_MATCH = YES;
				COPY_PHASE_STRIP = NO;
				DEBUG_INFORMATION_FORMAT = dwarf;
				ENABLE_STRICT_OBJC_MSGSEND = YES;
				ENABLE_TESTABILITY = YES;
				GCC_C_LANGUAGE_STANDARD = gnu11;
				GCC_DYNAMIC_NO_PIC = NO;
				GCC_NO_COMMON_BLOCKS = YES;
				GCC_OPTIMIZATION_LEVEL = 0;
				GCC_PREPROCESSOR_DEFINITIONS = (
					"DEBUG=1",
					"$(inherited)",
				);
				GCC_WARN_64_TO_32_BIT_CONVERSION = YES;
				GCC_WARN_ABOUT_RETURN_TYPE = YES_ERROR;
				GCC_WARN_UNDECLARED_SELECTOR = YES;
				GCC_WARN_UNINITIALIZED_AUTOS = YES_AGGRESSIVE;
				GCC_WARN_UNUSED_FUNCTION = YES;
				GCC_WARN_UNUSED_VARIABLE = YES;
				IPHONEOS_DEPLOYMENT_TARGET = 13.0;
				MTL_ENABLE_DEBUG_INFO = INCLUDE_SOURCE;
				MTL_FAST_MATH = YES;
				ONLY_ACTIVE_ARCH = YES;
				SDKROOT = iphoneos;
				SWIFT_ACTIVE_COMPILATION_CONDITIONS = DEBUG;
				SWIFT_OPTIMIZATION_LEVEL = "-Onone";
			};
			name = Debug;
		};
		AA8332C122B74DE00090386D /* Release */ = {
			isa = XCBuildConfiguration;
			buildSettings = {
				ALWAYS_SEARCH_USER_PATHS = NO;
				CLANG_ANALYZER_NONNULL = YES;
				CLANG_ANALYZER_NUMBER_OBJECT_CONVERSION = YES_AGGRESSIVE;
				CLANG_CXX_LANGUAGE_STANDARD = "gnu++14";
				CLANG_CXX_LIBRARY = "libc++";
				CLANG_ENABLE_MODULES = YES;
				CLANG_ENABLE_OBJC_ARC = YES;
				CLANG_ENABLE_OBJC_WEAK = YES;
				CLANG_WARN_BLOCK_CAPTURE_AUTORELEASING = YES;
				CLANG_WARN_BOOL_CONVERSION = YES;
				CLANG_WARN_COMMA = YES;
				CLANG_WARN_CONSTANT_CONVERSION = YES;
				CLANG_WARN_DEPRECATED_OBJC_IMPLEMENTATIONS = YES;
				CLANG_WARN_DIRECT_OBJC_ISA_USAGE = YES_ERROR;
				CLANG_WARN_DOCUMENTATION_COMMENTS = YES;
				CLANG_WARN_EMPTY_BODY = YES;
				CLANG_WARN_ENUM_CONVERSION = YES;
				CLANG_WARN_INFINITE_RECURSION = YES;
				CLANG_WARN_INT_CONVERSION = YES;
				CLANG_WARN_NON_LITERAL_NULL_CONVERSION = YES;
				CLANG_WARN_OBJC_IMPLICIT_RETAIN_SELF = YES;
				CLANG_WARN_OBJC_LITERAL_CONVERSION = YES;
				CLANG_WARN_OBJC_ROOT_CLASS = YES_ERROR;
				CLANG_WARN_RANGE_LOOP_ANALYSIS = YES;
				CLANG_WARN_STRICT_PROTOTYPES = YES;
				CLANG_WARN_SUSPICIOUS_MOVE = YES;
				CLANG_WARN_UNGUARDED_AVAILABILITY = YES_AGGRESSIVE;
				CLANG_WARN_UNREACHABLE_CODE = YES;
				CLANG_WARN__DUPLICATE_METHOD_MATCH = YES;
				COPY_PHASE_STRIP = NO;
				DEBUG_INFORMATION_FORMAT = "dwarf-with-dsym";
				ENABLE_NS_ASSERTIONS = NO;
				ENABLE_STRICT_OBJC_MSGSEND = YES;
				GCC_C_LANGUAGE_STANDARD = gnu11;
				GCC_NO_COMMON_BLOCKS = YES;
				GCC_WARN_64_TO_32_BIT_CONVERSION = YES;
				GCC_WARN_ABOUT_RETURN_TYPE = YES_ERROR;
				GCC_WARN_UNDECLARED_SELECTOR = YES;
				GCC_WARN_UNINITIALIZED_AUTOS = YES_AGGRESSIVE;
				GCC_WARN_UNUSED_FUNCTION = YES;
				GCC_WARN_UNUSED_VARIABLE = YES;
				IPHONEOS_DEPLOYMENT_TARGET = 13.0;
				MTL_ENABLE_DEBUG_INFO = NO;
				MTL_FAST_MATH = YES;
				SDKROOT = iphoneos;
				SWIFT_COMPILATION_MODE = wholemodule;
				SWIFT_OPTIMIZATION_LEVEL = "-O";
				VALIDATE_PRODUCT = YES;
			};
			name = Release;
		};
		AA8332C322B74DE00090386D /* Debug */ = {
			isa = XCBuildConfiguration;
			buildSettings = {
				ASSETCATALOG_COMPILER_APPICON_NAME = AppIcon;
				CODE_SIGN_STYLE = Automatic;
				DEVELOPMENT_ASSET_PATHS = "Landmarks/Preview\\ Content";
				ENABLE_PREVIEWS = YES;
				INFOPLIST_FILE = Landmarks/Info.plist;
				LD_RUNPATH_SEARCH_PATHS = (
					"$(inherited)",
					"@executable_path/Frameworks",
				);
				PRODUCT_BUNDLE_IDENTIFIER = com.galarza.Landmarks;
				PRODUCT_NAME = "$(TARGET_NAME)";
				SWIFT_VERSION = 5.0;
				TARGETED_DEVICE_FAMILY = "1,2";
			};
			name = Debug;
		};
		AA8332C422B74DE00090386D /* Release */ = {
			isa = XCBuildConfiguration;
			buildSettings = {
				ASSETCATALOG_COMPILER_APPICON_NAME = AppIcon;
				CODE_SIGN_STYLE = Automatic;
				DEVELOPMENT_ASSET_PATHS = "Landmarks/Preview\\ Content";
				ENABLE_PREVIEWS = YES;
				INFOPLIST_FILE = Landmarks/Info.plist;
				LD_RUNPATH_SEARCH_PATHS = (
					"$(inherited)",
					"@executable_path/Frameworks",
				);
				PRODUCT_BUNDLE_IDENTIFIER = com.galarza.Landmarks;
				PRODUCT_NAME = "$(TARGET_NAME)";
				SWIFT_VERSION = 5.0;
				TARGETED_DEVICE_FAMILY = "1,2";
			};
			name = Release;
		};
		AA8332C622B74DE00090386D /* Debug */ = {
			isa = XCBuildConfiguration;
			buildSettings = {
				ALWAYS_EMBED_SWIFT_STANDARD_LIBRARIES = YES;
				BUNDLE_LOADER = "$(TEST_HOST)";
				CODE_SIGN_STYLE = Automatic;
				INFOPLIST_FILE = LandmarksTests/Info.plist;
				LD_RUNPATH_SEARCH_PATHS = (
					"$(inherited)",
					"@executable_path/Frameworks",
					"@loader_path/Frameworks",
				);
				PRODUCT_BUNDLE_IDENTIFIER = com.galarza.LandmarksTests;
				PRODUCT_NAME = "$(TARGET_NAME)";
				SWIFT_VERSION = 5.0;
				TARGETED_DEVICE_FAMILY = "1,2";
				TEST_HOST = "$(BUILT_PRODUCTS_DIR)/Landmarks.app/Landmarks";
			};
			name = Debug;
		};
		AA8332C722B74DE00090386D /* Release */ = {
			isa = XCBuildConfiguration;
			buildSettings = {
				ALWAYS_EMBED_SWIFT_STANDARD_LIBRARIES = YES;
				BUNDLE_LOADER = "$(TEST_HOST)";
				CODE_SIGN_STYLE = Automatic;
				INFOPLIST_FILE = LandmarksTests/Info.plist;
				LD_RUNPATH_SEARCH_PATHS = (
					"$(inherited)",
					"@executable_path/Frameworks",
					"@loader_path/Frameworks",
				);
				PRODUCT_BUNDLE_IDENTIFIER = com.galarza.LandmarksTests;
				PRODUCT_NAME = "$(TARGET_NAME)";
				SWIFT_VERSION = 5.0;
				TARGETED_DEVICE_FAMILY = "1,2";
				TEST_HOST = "$(BUILT_PRODUCTS_DIR)/Landmarks.app/Landmarks";
			};
			name = Release;
		};
		AA8332C922B74DE00090386D /* Debug */ = {
			isa = XCBuildConfiguration;
			buildSettings = {
				ALWAYS_EMBED_SWIFT_STANDARD_LIBRARIES = YES;
				CODE_SIGN_STYLE = Automatic;
				INFOPLIST_FILE = LandmarksUITests/Info.plist;
				LD_RUNPATH_SEARCH_PATHS = (
					"$(inherited)",
					"@executable_path/Frameworks",
					"@loader_path/Frameworks",
				);
				PRODUCT_BUNDLE_IDENTIFIER = com.galarza.LandmarksUITests;
				PRODUCT_NAME = "$(TARGET_NAME)";
				SWIFT_VERSION = 5.0;
				TARGETED_DEVICE_FAMILY = "1,2";
				TEST_TARGET_NAME = Landmarks;
			};
			name = Debug;
		};
		AA8332CA22B74DE00090386D /* Release */ = {
			isa = XCBuildConfiguration;
			buildSettings = {
				ALWAYS_EMBED_SWIFT_STANDARD_LIBRARIES = YES;
				CODE_SIGN_STYLE = Automatic;
				INFOPLIST_FILE = LandmarksUITests/Info.plist;
				LD_RUNPATH_SEARCH_PATHS = (
					"$(inherited)",
					"@executable_path/Frameworks",
					"@loader_path/Frameworks",
				);
				PRODUCT_BUNDLE_IDENTIFIER = com.galarza.LandmarksUITests;
				PRODUCT_NAME = "$(TARGET_NAME)";
				SWIFT_VERSION = 5.0;
				TARGETED_DEVICE_FAMILY = "1,2";
				TEST_TARGET_NAME = Landmarks;
			};
			name = Release;
		};
/* End XCBuildConfiguration section */

/* Begin XCConfigurationList section */
		AA83329322B74DDE0090386D /* Build configuration list for PBXProject "Landmarks" */ = {
			isa = XCConfigurationList;
			buildConfigurations = (
				AA8332C022B74DE00090386D /* Debug */,
				AA8332C122B74DE00090386D /* Release */,
			);
			defaultConfigurationIsVisible = 0;
			defaultConfigurationName = Release;
		};
		AA8332C222B74DE00090386D /* Build configuration list for PBXNativeTarget "Landmarks" */ = {
			isa = XCConfigurationList;
			buildConfigurations = (
				AA8332C322B74DE00090386D /* Debug */,
				AA8332C422B74DE00090386D /* Release */,
			);
			defaultConfigurationIsVisible = 0;
			defaultConfigurationName = Release;
		};
		AA8332C522B74DE00090386D /* Build configuration list for PBXNativeTarget "LandmarksTests" */ = {
			isa = XCConfigurationList;
			buildConfigurations = (
				AA8332C622B74DE00090386D /* Debug */,
				AA8332C722B74DE00090386D /* Release */,
			);
			defaultConfigurationIsVisible = 0;
			defaultConfigurationName = Release;
		};
		AA8332C822B74DE00090386D /* Build configuration list for PBXNativeTarget "LandmarksUITests" */ = {
			isa = XCConfigurationList;
			buildConfigurations = (
				AA8332C922B74DE00090386D /* Debug */,
				AA8332CA22B74DE00090386D /* Release */,
			);
			defaultConfigurationIsVisible = 0;
			defaultConfigurationName = Release;
		};
/* End XCConfigurationList section */
	};
	rootObject = AA83329022B74DDE0090386D /* Project object */;
}
